GEM
  remote: https://rubygems.org/
  specs:
    addressable (2.8.7)
      public_suffix (>= 4.0.6)
    atomos (0.1.3)
    aws-event-stream (1.4.0)
    aws-partitions (1.1132.0)
    aws-sdk-cloudfront (1.124.0)
    aws-sdk-core (3.230.0)
      aws-eventstream (~> 1, >= 1.3.0)
      aws-partitions (~> 1, >= 1.992.0)
      aws-sigv4 (~> 1.5)
      base64
      bigdecimal
      jmespath (~> 1, >= 1.6.1)
      logger
    aws-sdk-kms (1.105.0)
      aws-sdk-core (~> 3)
      aws-sigv4 (~> 1)
    aws-sdk-s3 (1.196.0)
      aws-sdk-core (~> 3)
      aws-sdk-kms (~> 1)
      aws-sigv4 (~> 1)
    aws-sdk-secretsmanager (1.115.0)
      aws-sdk-core (~> 3)
      aws-sigv4 (~> 1)
    aws-sigv4 (1.12.0)
      aws-eventstream (~> 1, >= 1.3.0)
    base64 (0.3.0)
    bigdecimal (3.3.1)
    claide (1.1.0)
    colored (1.2)
    colored2 (3.1.2)
    commander (4.6.0)
      highline (~> 2.0)
    csv (3.3.5)
    declarative (0.0.20)
    digest-crc (0.7.1)
      rake (>= 12.0.0, < 14.0.0)
    domain_name (0.6.20240107)
    dotenv (2.8.1)
    emoji_regex (3.2.3)
    excon (1.4.0)
    faraday (1.10.4)
      faraday-em_hijacker (~> 1.0)
      faraday-excon (~> 1.0)
      faraday-net_http (~> 1.0)
      faraday-rack (~> 1.0)
      faraday-retry (~> 1.0)
      ruby2_keywords (>= 0.0.4)
    faraday-cookie_jar (0.0.7)
      faraday (>= 0.8.0)
      http-cookie (~> 1.0.0)
    faraday-em_hijacker (1.0.0)
    faraday-excon (1.1.0)
    faraday-httpclient (1.0.1)
    faraday-net_http (1.0.2)
    faraday-patron (1.0.0)
    faraday-rack (3.0.0)
      rackup (~> 1.0)
    faraday-retry (1.0.3)
    faraday_middleware (1.2.1)
      faraday (~> 1.0)
    fastimage (2.4.0)
    fastlane (2.226.0)
      CFPropertyList (>= 2.3, < 4.0)
      addressable (>= 2.8, < 3.0)
      artifactory (~> 3.0)
      aws-sdk-cloudfront (~> 1.0)
      aws-sdk-core (~> 3)
      aws-sdk-kms (~> 1)
      aws-sdk-s3 (~> 1)
      aws-sdk-secretsmanager (~> 1)
      babosa (>= 1.0.3)
      base64 (>= 0.1.0)
      claide (~> 1.0)
      colored (~> 1.2)
      colored2 (~> 3.1)
      commander (~> 4.6, < 5.0)
      csv (~> 3.3)
      declarative (~> 0.0.10, < 1.0.0)
      digest-crc (~> 0.6.4)
      domain_name (~> 0.5)
      dotenv (~> 2.1.1)
      emoji_regex (>= 0.1, < 4.0)
      excon (~> 1.0)
      faraday (>= 1.10)
      faraday-cookie_jar (~> 0.0.7)
      faraday-net_http (~> 1.0)
      faraday_middleware (~> 1.0)
      fastimage (>= 2.1.0, < 3.0)
      fog-core (~> 2.0)
      fog-google (~> 1.2.0)
      fog-webrick (~> 0.1.0)
      google-apis-androidpublisher_v3 (~> 0.3)
      google-apis-playcustomapp_v1 (~> 0.0)
      google-cloud-env (~> 1.6.0)
      google-cloud-errors (~> 1.0)
      google-cloud-storage (~> 1.35)
      highline (~> 2.0)
      http-cookie (~> 1.0.3)
      httpclient (~> 0.1)
      json (< 3.0)
      jwt (>= 2.1.0, < 3)
      mini_magick (>= 4.9.4, < 5.0)
      multipart-post (~> 2.0)
      naturally (~> 1.2)
      nokogiri (~> 1.61, < 2.0)
      optparse (~> 0.1.1)
      plist (>= 3.1.0, < 4.0)
      rubyzip (>= 2.0.0, < 3.0)
      security
      signet (~> 0.16)
      simctl (~> 1.6.3)
      terminal-table (~> 3)
      terminal_notifier (>= 0.9.0, < 3.0)
      tty-screen (~> 0.7, < 1.0)
      tty-spinner (~> 0.8, < 1.0)
      word_wrap (~> 1.0.0)
      xcodeproj (>= 1.13.0, < 2.0)
      xcpretty (~> 0.4.0)
    fog-aws (3.0.0)
      aws-eventstream (~> 1.3)
      aws-sdk-core (~> 3)
      aws-sdk-eks (~> 1)
      aws-sdk-s3 (~> 1)
      aws-sigv4 (~> 1)
      fog-core (~> 2.0)
      jmespath (>= 1.6.1, < 3.0)
    fog-core (2.4.0)
      build_times
      excon (~> 1.0)
      formatador (>= 0.2, < 2.0)
      fog-json (~> 1.0)
      fog-xml (~> 0.1)
      ipaddress (~> 0.5)
      logger
      mime-types
      multi_io (~> 1.1)
      ruby2_keywords (>= 0.0.4)
    fog-google (1.23.0)
      addressable (>= 2.7.0)
      fog-core (~> 2.0)
      fog-json (~> 1.0)
      fog-xml (~> 0.1)
      google-apis-compute_v1 (~> 0.0)
      google-apis-container_v1 (~> 0.0)
      google-apis-dns_v1 (~> 0.0)
      google-apis-iam_v1 (~> 0.0)
      google-apis-pubsub_v1 (~> 0.0)
      google-apis-sqladmin_v1beta4 (~> 0.0)
      google-apis-storage_v1 (~> 0.0)
      google-cloud-env (~> 1.6.0)
      google-cloud-storage (~> 1.35)
      mime-types
      mini_magick (>= 4.9.4, < 5.0)
      multi_io
      signet
      thin
      xml-simple
    fog-json (1.2.0)
      fog-core (~> 2.0)
      multi_json (~> 1.10)
    fog-webrick (0.1.0)
      webrick (~> 1.7)
    fog-xml (0.1.4)
      fog-core (~> 2.0)
      nokogiri (~> 1.5, < 2.0)
    formatador (1.2.2)
    gh_inspector (1.1.3)
    google-apis-androidpublisher_v3 (0.66.0)
      google-apis-core (>= 0.15.0, < 2.a)
    google-apis-cloudresourcemanager_v1 (1.4.0)
      google-apis-core (>= 0.15.0, < 2.a)
    google-apis-compute_v1 (0.117.0)
      google-apis-core (>= 0.15.0, < 2.a)
    google-apis-container_v1 (0.45.0)
      google-apis-core (>= 0.15.0, < 2.a)
    google-apis-core (0.18.0)
      addressable (>= 2.5.0)
      googleauth (>= 0.16.2, < 2.a)
      httpclient (>= 2.8.1, < 3.a)
      mini_mime (>= 1.0.1)
      representable (~> 3.0)
      retriable (>= 2.0, < 4.a)
      rexml
      webrick
    google-apis-dns_v1 (0.47.0)
      google-apis-core (>= 0.15.0, < 2.a)
    google-apis-iam_v1 (0.49.0)
      google-apis-core (>= 0.15.0, < 2.a)
    google-apis-playcustomapp_v1 (0.18.0)
      google-apis-core (>= 0.15.0, < 2.a)
    google-apis-pubsub_v1 (0.63.0)
      google-apis-core (>= 0.15.0, < 2.a)
    google-apis-sqladmin_v1beta4 (0.77.0)
      google-apis-core (>= 0.15.0, < 2.a)
    google-apis-storage_v1 (0.57.0)
      google-apis-core (>= 0.15.0, < 2.a)
    google-cloud-env (1.6.0)
      faraday (>= 1.0, < 3.0)
    google-cloud-errors (1.5.0)
    google-cloud-storage (1.55.0)
      addressable (>= 2.8.0)
      digest-crc (~> 0.6.5)
      google-apis-core (>= 0.18.0, < 2.a)
      google-apis-storage_v1 (~> 0.57)
      googleauth (>= 0.16.2, < 2.a)
      mini_mime (>= 1.0.1)
      retriable (~> 3.0)
      rexml
    googleauth (1.16.0)
      faraday (>= 1.0, < 3.a)
      google-cloud-env (~> 1.6.0)
      google-cloud-errors (~> 1.0)
      httpclient (>= 2.8.1, < 3.a)
      jwt (>= 1.4, < 4.0)
      multi_io (~> 1.0)
      os (~> 0.9)
      signet (~> 0.16)
      webrick
    highline (2.0.2)
    http-cookie (1.0.8)
      domain_name (~> 0.5)
    httpclient (2.9.0)
      mutex_m (~> 0.3)
    ipaddress (0.8.3)
    jmespath (1.6.2)
    json (2.7.6)
    jwt (2.10.2)
      base64
    logger (1.7.0)
    match (0.27.0)
      claide (~> 1.0)
      fastlane (>= 2.0, < 3.0)
      gh_inspector (~> 1.1)
      rest-client (~> 2.0)
    mime-types (3.6.0)
      mime-types-data (~> 3.2015)
    mime-types-data (3.2025.0304)
    mini_magick (4.13.2)
    mini_mime (1.1.5)
    multi_io (1.3.0)
    multi_json (1.15.0)
    multipart-post (2.4.1)
    mutex_m (0.3.0)
    naturally (1.2.0)
    nokogiri (1.18.10)
      racc (~> 1.4)
    optparse (0.1.1)
    os (0.9.6)
    pilot (0.27.0)
      claide (~> 1.0)
      fastlane (>= 2.0, < 3.0)
      rest-client (~> 2.0)
      xcodeproj (~> 1.0)
    plist (3.7.0)
    public_suffix (4.0.6)
    racc (1.8.1)
    rackup (1.0.1)
      rack (~> 1.0)
      webrick (~> 1.7)
    representable (3.2.0)
      declarative (~> 0.0.10)
      representable (~> 3.2)
      trailblazer-option (>= 0.0.1, < 0.1.0)
      uber (~> 0.0.15)
    rest-client (2.1.0)
      base64 (>= 0.0.0)
      http-cookie (>= 1.0.2, < 2.0)
      md5 (~> 2.0, >= 2.0.0)
      mime-types (~> 3.0)
      netrc (~> 0.1)
      public_suffix (>= 4.0.0)
    retriable (3.1.16)
    rexml (3.4.4)
    rouge (3.28.0)
    ruby-progressbar (1.13.0)
    ruby2_keywords (0.0.5)
    rubyzip (2.4.1)
    security (0.1.5)
    signet (0.18.0)
      addressable (>= 2.8)
      faraday (>= 1.0)
      jwt (>= 1.4)
      multi_json (~> 1.10)
      os (>= 0.9)
      retriable (>= 2.0, < 4.a)
      webrick
    simctl (1.7.1)
      CFPropertyList
    supply (0.27.0)
      claide (~> 1.0)
      fastlane (>= 2.0, < 3.0)
      rest-client (~> 2.0)
    terminal-table (3.0.2)
      unicode-display_width (>= 1.1.1, < 3)
    terminal_notifier (2.0.0)
    thor (1.4.0)
    trailblazer-option (0.1.2)
    tty-cursor (0.7.1)
    tty-screen (0.8.2)
    tty-spinner (0.9.3)
      tty-cursor (~> 0.7)
    uber (0.0.15)
    unicode-display_width (2.7.0)
    word_wrap (1.0.0)
    xcodeproj (1.27.0)
      CFPropertyList (>= 2.3.3, < 4.0)
      base64 (~> 0.1)
      claide (~> 1.0)
      colorator (~> 1.0)
      json (~> 2.0)
      nokogiri (~> 1.12)
      octopus (~> 0.1)
      rexml (~> 3.2)
      webrick (~> 1.7)
    xcpretty (0.4.0)
      rouge (~> 3)

PLATFORMS
  ruby

DEPENDENCIES
  fastlane (~> 2.226)
  match (~> 0.27)
  pilot (~> 0.27)
  rest-client (>= 2.0)
  supply (~> 0.27)

BUNDLED WITH
   2.5.23
